
Microsoft Visual Studio Solution File, Format Version 12.00
# Visual Studio Version 17
VisualStudioVersion = 17.5.33502.453
MinimumVisualStudioVersion = 10.0.40219.1
Project("{9A19103F-16F7-4668-BE54-9A1E7A4F7556}") = "S2 containerschip", "S2 containerschip\S2 containerschip.csproj", "{DB149B41-BDD2-462F-B654-9B9CF9DC1CB6}"
EndProject
Project("{9A19103F-16F7-4668-BE54-9A1E7A4F7556}") = "Containership Tests", "Containership Tests\Containership Tests.csproj", "{315764FA-7B34-4FD9-AD8D-2342EAD6DDBA}"
EndProject
Global
	GlobalSection(SolutionConfigurationPlatforms) = preSolution
		Debug|Any CPU = Debug|Any CPU
		Release|Any CPU = Release|Any CPU
	EndGlobalSection
	GlobalSection(ProjectConfigurationPlatforms) = postSolution
		{DB149B41-BDD2-462F-B654-9B9CF9DC1CB6}.Debug|Any CPU.ActiveCfg = Debug|Any CPU
		{DB149B41-BDD2-462F-B654-9B9CF9DC1CB6}.Debug|Any CPU.Build.0 = Debug|Any CPU
		{DB149B41-BDD2-462F-B654-9B9CF9DC1CB6}.Release|Any CPU.ActiveCfg = Release|Any CPU
		{DB149B41-BDD2-462F-B654-9B9CF9DC1CB6}.Release|Any CPU.Build.0 = Release|Any CPU
		{315764FA-7B34-4FD9-AD8D-2342EAD6DDBA}.Debug|Any CPU.ActiveCfg = Debug|Any CPU
		{315764FA-7B34-4FD9-AD8D-2342EAD6DDBA}.Debug|Any CPU.Build.0 = Debug|Any CPU
		{315764FA-7B34-4FD9-AD8D-2342EAD6DDBA}.Release|Any CPU.ActiveCfg = Release|Any CPU
		{315764FA-7B34-4FD9-AD8D-2342EAD6DDBA}.Release|Any CPU.Build.0 = Release|Any CPU
	EndGlobalSection
	GlobalSection(SolutionProperties) = preSolution
		HideSolutionNode = FALSE
	EndGlobalSection
	GlobalSection(ExtensibilityGlobals) = postSolution
		SolutionGuid = {0E72A5F4-EB84-4573-BA20-40BEF93F8633}
	EndGlobalSection
EndGlobal
